// !$*UTF8*$!
{
	archiveVersion = 1;
	classes = {
	};
	objectVersion = 50;
	objects = {

/* Begin PBXBuildFile section */
		4984F9E021447BA500410D87 /* AppDelegate.swift in Sources */ = {isa = PBXBuildFile; fileRef = 4984F9DF21447BA500410D87 /* AppDelegate.swift */; };
		4984F9E221447BA500410D87 /* ViewController.swift in Sources */ = {isa = PBXBuildFile; fileRef = 4984F9E121447BA500410D87 /* ViewController.swift */; };
		4984F9E521447BA500410D87 /* Main.storyboard in Resources */ = {isa = PBXBuildFile; fileRef = 4984F9E321447BA500410D87 /* Main.storyboard */; };
		4984F9E721447BA700410D87 /* Assets.xcassets in Resources */ = {isa = PBXBuildFile; fileRef = 4984F9E621447BA700410D87 /* Assets.xcassets */; };
		4984F9EA21447BA700410D87 /* LaunchScreen.storyboard in Resources */ = {isa = PBXBuildFile; fileRef = 4984F9E821447BA700410D87 /* LaunchScreen.storyboard */; };
		4984F9F521447BA800410D87 /* TippyTests.swift in Sources */ = {isa = PBXBuildFile; fileRef = 4984F9F421447BA800410D87 /* TippyTests.swift */; };
		4984FA0021447BA800410D87 /* TippyUITests.swift in Sources */ = {isa = PBXBuildFile; fileRef = 4984F9FF21447BA800410D87 /* TippyUITests.swift */; };
/* End PBXBuildFile section */

/* Begin PBXContainerItemProxy section */
		4984F9F121447BA800410D87 /* PBXContainerItemProxy */ = {
			isa = PBXContainerItemProxy;
			containerPortal = 4984F9D421447BA500410D87 /* Project object */;
			proxyType = 1;
			remoteGlobalIDString = 4984F9DB21447BA500410D87;
			remoteInfo = Tippy;
		};
		4984F9FC21447BA800410D87 /* PBXContainerItemProxy */ = {
			isa = PBXContainerItemProxy;
			containerPortal = 4984F9D421447BA500410D87 /* Project object */;
			proxyType = 1;
			remoteGlobalIDString = 4984F9DB21447BA500410D87;
			remoteInfo = Tippy;
		};
/* End PBXContainerItemProxy section */

/* Begin PBXFileReference section */
		4984F9DC21447BA500410D87 /* Tippy.app */ = {isa = PBXFileReference; explicitFileType = wrapper.application; includeInIndex = 0; path = Tippy.app; sourceTree = BUILT_PRODUCTS_DIR; };
		4984F9DF21447BA500410D87 /* AppDelegate.swift */ = {isa = PBXFileReference; lastKnownFileType = sourcecode.swift; path = AppDelegate.swift; sourceTree = "<group>"; };
		4984F9E121447BA500410D87 /* ViewController.swift */ = {isa = PBXFileReference; lastKnownFileType = sourcecode.swift; path = ViewController.swift; sourceTree = "<group>"; };
		4984F9E421447BA500410D87 /* Base */ = {isa = PBXFileReference; lastKnownFileType = file.storyboard; name = Base; path = Base.lproj/Main.storyboard; sourceTree = "<group>"; };
		4984F9E621447BA700410D87 /* Assets.xcassets */ = {isa = PBXFileReference; lastKnownFileType = folder.assetcatalog; path = Assets.xcassets; sourceTree = "<group>"; };
		4984F9E921447BA700410D87 /* Base */ = {isa = PBXFileReference; lastKnownFileType = file.storyboard; name = Base; path = Base.lproj/LaunchScreen.storyboard; sourceTree = "<group>"; };
		4984F9EB21447BA800410D87 /* Info.plist */ = {isa = PBXFileReference; lastKnownFileType = text.plist.xml; path = Info.plist; sourceTree = "<group>"; };
		4984F9F021447BA800410D87 /* TippyTests.xctest */ = {isa = PBXFileReference; explicitFileType = wrapper.cfbundle; includeInIndex = 0; path = TippyTests.xctest; sourceTree = BUILT_PRODUCTS_DIR; };
		4984F9F421447BA800410D87 /* TippyTests.swift */ = {isa = PBXFileReference; lastKnownFileType = sourcecode.swift; path = TippyTests.swift; sourceTree = "<group>"; };
		4984F9F621447BA800410D87 /* Info.plist */ = {isa = PBXFileReference; lastKnownFileType = text.plist.xml; path = Info.plist; sourceTree = "<group>"; };
		4984F9FB21447BA800410D87 /* TippyUITests.xctest */ = {isa = PBXFileReference; explicitFileType = wrapper.cfbundle; includeInIndex = 0; path = TippyUITests.xctest; sourceTree = BUILT_PRODUCTS_DIR; };
		4984F9FF21447BA800410D87 /* TippyUITests.swift */ = {isa = PBXFileReference; lastKnownFileType = sourcecode.swift; path = TippyUITests.swift; sourceTree = "<group>"; };
		4984FA0121447BA800410D87 /* Info.plist */ = {isa = PBXFileReference; lastKnownFileType = text.plist.xml; path = Info.plist; sourceTree = "<group>"; };
/* End PBXFileReference section */

/* Begin PBXFrameworksBuildPhase section */
		4984F9D921447BA500410D87 /* Frameworks */ = {
			isa = PBXFrameworksBuildPhase;
			buildActionMask = 2147483647;
			files = (
			);
			runOnlyForDeploymentPostprocessing = 0;
		};
		4984F9ED21447BA800410D87 /* Frameworks */ = {
			isa = PBXFrameworksBuildPhase;
			buildActionMask = 2147483647;
			files = (
			);
			runOnlyForDeploymentPostprocessing = 0;
		};
		4984F9F821447BA800410D87 /* Frameworks */ = {
			isa = PBXFrameworksBuildPhase;
			buildActionMask = 2147483647;
			files = (
			);
			runOnlyForDeploymentPostprocessing = 0;
		};
/* End PBXFrameworksBuildPhase section */

/* Begin PBXGroup section */
		4984F9D321447BA500410D87 = {
			isa = PBXGroup;
			children = (
				4984F9DE21447BA500410D87 /* Tippy */,
				4984F9F321447BA800410D87 /* TippyTests */,
				4984F9FE21447BA800410D87 /* TippyUITests */,
				4984F9DD21447BA500410D87 /* Products */,
			);
			sourceTree = "<group>";
		};
		4984F9DD21447BA500410D87 /* Products */ = {
			isa = PBXGroup;
			children = (
				4984F9DC21447BA500410D87 /* Tippy.app */,
				4984F9F021447BA800410D87 /* TippyTests.xctest */,
				4984F9FB21447BA800410D87 /* TippyUITests.xctest */,
			);
			name = Products;
			sourceTree = "<group>";
		};
		4984F9DE21447BA500410D87 /* Tippy */ = {
			isa = PBXGroup;
			children = (
				4984F9DF21447BA500410D87 /* AppDelegate.swift */,
				4984F9E121447BA500410D87 /* ViewController.swift */,
				4984F9E321447BA500410D87 /* Main.storyboard */,
				4984F9E621447BA700410D87 /* Assets.xcassets */,
				4984F9E821447BA700410D87 /* LaunchScreen.storyboard */,
				4984F9EB21447BA800410D87 /* Info.plist */,
			);
			path = Tippy;
			sourceTree = "<group>";
		};
		4984F9F321447BA800410D87 /* TippyTests */ = {
			isa = PBXGroup;
			children = (
				4984F9F421447BA800410D87 /* TippyTests.swift */,
				4984F9F621447BA800410D87 /* Info.plist */,
			);
			path = TippyTests;
			sourceTree = "<group>";
		};
		4984F9FE21447BA800410D87 /* TippyUITests */ = {
			isa = PBXGroup;
			children = (
				4984F9FF21447BA800410D87 /* TippyUITests.swift */,
				4984FA0121447BA800410D87 /* Info.plist */,
			);
			path = TippyUITests;
			sourceTree = "<group>";
		};
/* End PBXGroup section */

/* Begin PBXNativeTarget section */
		4984F9DB21447BA500410D87 /* Tippy */ = {
			isa = PBXNativeTarget;
			buildConfigurationList = 4984FA0421447BA800410D87 /* Build configuration list for PBXNativeTarget "Tippy" */;
			buildPhases = (
				4984F9D821447BA500410D87 /* Sources */,
				4984F9D921447BA500410D87 /* Frameworks */,
				4984F9DA21447BA500410D87 /* Resources */,
			);
			buildRules = (
			);
			dependencies = (
			);
			name = Tippy;
			productName = Tippy;
			productReference = 4984F9DC21447BA500410D87 /* Tippy.app */;
			productType = "com.apple.product-type.application";
		};
		4984F9EF21447BA800410D87 /* TippyTests */ = {
			isa = PBXNativeTarget;
			buildConfigurationList = 4984FA0721447BA800410D87 /* Build configuration list for PBXNativeTarget "TippyTests" */;
			buildPhases = (
				4984F9EC21447BA800410D87 /* Sources */,
				4984F9ED21447BA800410D87 /* Frameworks */,
				4984F9EE21447BA800410D87 /* Resources */,
			);
			buildRules = (
			);
			dependencies = (
				4984F9F221447BA800410D87 /* PBXTargetDependency */,
			);
			name = TippyTests;
			productName = TippyTests;
			productReference = 4984F9F021447BA800410D87 /* TippyTests.xctest */;
			productType = "com.apple.product-type.bundle.unit-test";
		};
		4984F9FA21447BA800410D87 /* TippyUITests */ = {
			isa = PBXNativeTarget;
			buildConfigurationList = 4984FA0A21447BA800410D87 /* Build configuration list for PBXNativeTarget "TippyUITests" */;
			buildPhases = (
				4984F9F721447BA800410D87 /* Sources */,
				4984F9F821447BA800410D87 /* Frameworks */,
				4984F9F921447BA800410D87 /* Resources */,
			);
			buildRules = (
			);
			dependencies = (
				4984F9FD21447BA800410D87 /* PBXTargetDependency */,
			);
			name = TippyUITests;
			productName = TippyUITests;
			productReference = 4984F9FB21447BA800410D87 /* TippyUITests.xctest */;
			productType = "com.apple.product-type.bundle.ui-testing";
		};
/* End PBXNativeTarget section */

/* Begin PBXProject section */
		4984F9D421447BA500410D87 /* Project object */ = {
			isa = PBXProject;
			attributes = {
				LastSwiftUpdateCheck = 0940;
				LastUpgradeCheck = 0940;
				ORGANIZATIONNAME = "Marc Edwin Theolien";
				TargetAttributes = {
					4984F9DB21447BA500410D87 = {
						CreatedOnToolsVersion = 9.4.1;
					};
					4984F9EF21447BA800410D87 = {
						CreatedOnToolsVersion = 9.4.1;
						TestTargetID = 4984F9DB21447BA500410D87;
					};
					4984F9FA21447BA800410D87 = {
						CreatedOnToolsVersion = 9.4.1;
						TestTargetID = 4984F9DB21447BA500410D87;
					};
				};
			};
			buildConfigurationList = 4984F9D721447BA500410D87 /* Build configuration list for PBXProject "Tippy" */;
			compatibilityVersion = "Xcode 9.3";
			developmentRegion = en;
			hasScannedForEncodings = 0;
			knownRegions = (
				en,
				Base,
			);
			mainGroup = 4984F9D321447BA500410D87;
			productRefGroup = 4984F9DD21447BA500410D87 /* Products */;
			projectDirPath = "";
			projectRoot = "";
			targets = (
				4984F9DB21447BA500410D87 /* Tippy */,
				4984F9EF21447BA800410D87 /* TippyTests */,
				4984F9FA21447BA800410D87 /* TippyUITests */,
			);
		};
/* End PBXProject section */

/* Begin PBXResourcesBuildPhase section */
		4984F9DA21447BA500410D87 /* Resources */ = {
			isa = PBXResourcesBuildPhase;
			buildActionMask = 2147483647;
			files = (
				4984F9EA21447BA700410D87 /* LaunchScreen.storyboard in Resources */,
				4984F9E721447BA700410D87 /* Assets.xcassets in Resources */,
				4984F9E521447BA500410D87 /* Main.storyboard in Resources */,
			);
			runOnlyForDeploymentPostprocessing = 0;
		};
		4984F9EE21447BA800410D87 /* Resources */ = {
			isa = PBXResourcesBuildPhase;
			buildActionMask = 2147483647;
			files = (
			);
			runOnlyForDeploymentPostprocessing = 0;
		};
		4984F9F921447BA800410D87 /* Resources */ = {
			isa = PBXResourcesBuildPhase;
			buildActionMask = 2147483647;
			files = (
			);
			runOnlyForDeploymentPostprocessing = 0;
		};
/* End PBXResourcesBuildPhase section */

/* Begin PBXSourcesBuildPhase section */
		4984F9D821447BA500410D87 /* Sources */ = {
			isa = PBXSourcesBuildPhase;
			buildActionMask = 2147483647;
			files = (
				4984F9E221447BA500410D87 /* ViewController.swift in Sources */,
				4984F9E021447BA500410D87 /* AppDelegate.swift in Sources */,
			);
			runOnlyForDeploymentPostprocessing = 0;
		};
		4984F9EC21447BA800410D87 /* Sources */ = {
			isa = PBXSourcesBuildPhase;
			buildActionMask = 2147483647;
			files = (
				4984F9F521447BA800410D87 /* TippyTests.swift in Sources */,
			);
			runOnlyForDeploymentPostprocessing = 0;
		};
		4984F9F721447BA800410D87 /* Sources */ = {
			isa = PBXSourcesBuildPhase;
			buildActionMask = 2147483647;
			files = (
				4984FA0021447BA800410D87 /* TippyUITests.swift in Sources */,
			);
			runOnlyForDeploymentPostprocessing = 0;
		};
/* End PBXSourcesBuildPhase section */

/* Begin PBXTargetDependency section */
		4984F9F221447BA800410D87 /* PBXTargetDependency */ = {
			isa = PBXTargetDependency;
			target = 4984F9DB21447BA500410D87 /* Tippy */;
			targetProxy = 4984F9F121447BA800410D87 /* PBXContainerItemProxy */;
		};
		4984F9FD21447BA800410D87 /* PBXTargetDependency */ = {
			isa = PBXTargetDependency;
			target = 4984F9DB21447BA500410D87 /* Tippy */;
			targetProxy = 4984F9FC21447BA800410D87 /* PBXContainerItemProxy */;
		};
/* End PBXTargetDependency section */

/* Begin PBXVariantGroup section */
		4984F9E321447BA500410D87 /* Main.storyboard */ = {
			isa = PBXVariantGroup;
			children = (
				4984F9E421447BA500410D87 /* Base */,
			);
			name = Main.storyboard;
			sourceTree = "<group>";
		};
		4984F9E821447BA700410D87 /* LaunchScreen.storyboard */ = {
			isa = PBXVariantGroup;
			children = (
				4984F9E921447BA700410D87 /* Base */,
			);
			name = LaunchScreen.storyboard;
			sourceTree = "<group>";
		};
/* End PBXVariantGroup section */

/* Begin XCBuildConfiguration section */
		4984FA0221447BA800410D87 /* Debug */ = {
			isa = XCBuildConfiguration;
			buildSettings = {
				ALWAYS_SEARCH_USER_PATHS = NO;
				CLANG_ANALYZER_NONNULL = YES;
				CLANG_ANALYZER_NUMBER_OBJECT_CONVERSION = YES_AGGRESSIVE;
				CLANG_CXX_LANGUAGE_STANDARD = "gnu++14";
				CLANG_CXX_LIBRARY = "libc++";
				CLANG_ENABLE_MODULES = YES;
				CLANG_ENABLE_OBJC_ARC = YES;
				CLANG_ENABLE_OBJC_WEAK = YES;
				CLANG_WARN_BLOCK_CAPTURE_AUTORELEASING = YES;
				CLANG_WARN_BOOL_CONVERSION = YES;
				CLANG_WARN_COMMA = YES;
				CLANG_WARN_CONSTANT_CONVERSION = YES;
				CLANG_WARN_DEPRECATED_OBJC_IMPLEMENTATIONS = YES;
				CLANG_WARN_DIRECT_OBJC_ISA_USAGE = YES_ERROR;
				CLANG_WARN_DOCUMENTATION_COMMENTS = YES;
				CLANG_WARN_EMPTY_BODY = YES;
				CLANG_WARN_ENUM_CONVERSION = YES;
				CLANG_WARN_INFINITE_RECURSION = YES;
				CLANG_WARN_INT_CONVERSION = YES;
				CLANG_WARN_NON_LITERAL_NULL_CONVERSION = YES;
				CLANG_WARN_OBJC_IMPLICIT_RETAIN_SELF = YES;
				CLANG_WARN_OBJC_LITERAL_CONVERSION = YES;
				CLANG_WARN_OBJC_ROOT_CLASS = YES_ERROR;
				CLANG_WARN_RANGE_LOOP_ANALYSIS = YES;
				CLANG_WARN_STRICT_PROTOTYPES = YES;
				CLANG_WARN_SUSPICIOUS_MOVE = YES;
				CLANG_WARN_UNGUARDED_AVAILABILITY = YES_AGGRESSIVE;
				CLANG_WARN_UNREACHABLE_CODE = YES;
				CLANG_WARN__DUPLICATE_METHOD_MATCH = YES;
				CODE_SIGN_IDENTITY = "iPhone Developer";
				COPY_PHASE_STRIP = NO;
				DEBUG_INFORMATION_FORMAT = dwarf;
				ENABLE_STRICT_OBJC_MSGSEND = YES;
				ENABLE_TESTABILITY = YES;
				GCC_C_LANGUAGE_STANDARD = gnu11;
				GCC_DYNAMIC_NO_PIC = NO;
				GCC_NO_COMMON_BLOCKS = YES;
				GCC_OPTIMIZATION_LEVEL = 0;
				GCC_PREPROCESSOR_DEFINITIONS = (
					"DEBUG=1",
					"$(inherited)",
				);
				GCC_WARN_64_TO_32_BIT_CONVERSION = YES;
				GCC_WARN_ABOUT_RETURN_TYPE = YES_ERROR;
				GCC_WARN_UNDECLARED_SELECTOR = YES;
				GCC_WARN_UNINITIALIZED_AUTOS = YES_AGGRESSIVE;
				GCC_WARN_UNUSED_FUNCTION = YES;
				GCC_WARN_UNUSED_VARIABLE = YES;
				IPHONEOS_DEPLOYMENT_TARGET = 11.4;
				MTL_ENABLE_DEBUG_INFO = YES;
				ONLY_ACTIVE_ARCH = YES;
				SDKROOT = iphoneos;
				SWIFT_ACTIVE_COMPILATION_CONDITIONS = DEBUG;
				SWIFT_OPTIMIZATION_LEVEL = "-Onone";
			};
			name = Debug;
		};
		4984FA0321447BA800410D87 /* Release */ = {
			isa = XCBuildConfiguration;
			buildSettings = {
				ALWAYS_SEARCH_USER_PATHS = NO;
				CLANG_ANALYZER_NONNULL = YES;
				CLANG_ANALYZER_NUMBER_OBJECT_CONVERSION = YES_AGGRESSIVE;
				CLANG_CXX_LANGUAGE_STANDARD = "gnu++14";
				CLANG_CXX_LIBRARY = "libc++";
				CLANG_ENABLE_MODULES = YES;
				CLANG_ENABLE_OBJC_ARC = YES;
				CLANG_ENABLE_OBJC_WEAK = YES;
				CLANG_WARN_BLOCK_CAPTURE_AUTORELEASING = YES;
				CLANG_WARN_BOOL_CONVERSION = YES;
				CLANG_WARN_COMMA = YES;
				CLANG_WARN_CONSTANT_CONVERSION = YES;
				CLANG_WARN_DEPRECATED_OBJC_IMPLEMENTATIONS = YES;
				CLANG_WARN_DIRECT_OBJC_ISA_USAGE = YES_ERROR;
				CLANG_WARN_DOCUMENTATION_COMMENTS = YES;
				CLANG_WARN_EMPTY_BODY = YES;
				CLANG_WARN_ENUM_CONVERSION = YES;
				CLANG_WARN_INFINITE_RECURSION = YES;
				CLANG_WARN_INT_CONVERSION = YES;
				CLANG_WARN_NON_LITERAL_NULL_CONVERSION = YES;
				CLANG_WARN_OBJC_IMPLICIT_RETAIN_SELF = YES;
				CLANG_WARN_OBJC_LITERAL_CONVERSION = YES;
				CLANG_WARN_OBJC_ROOT_CLASS = YES_ERROR;
				CLANG_WARN_RANGE_LOOP_ANALYSIS = YES;
				CLANG_WARN_STRICT_PROTOTYPES = YES;
				CLANG_WARN_SUSPICIOUS_MOVE = YES;
				CLANG_WARN_UNGUARDED_AVAILABILITY = YES_AGGRESSIVE;
				CLANG_WARN_UNREACHABLE_CODE = YES;
				CLANG_WARN__DUPLICATE_METHOD_MATCH = YES;
				CODE_SIGN_IDENTITY = "iPhone Developer";
				COPY_PHASE_STRIP = NO;
				DEBUG_INFORMATION_FORMAT = "dwarf-with-dsym";
				ENABLE_NS_ASSERTIONS = NO;
				ENABLE_STRICT_OBJC_MSGSEND = YES;
				GCC_C_LANGUAGE_STANDARD = gnu11;
				GCC_NO_COMMON_BLOCKS = YES;
				GCC_WARN_64_TO_32_BIT_CONVERSION = YES;
				GCC_WARN_ABOUT_RETURN_TYPE = YES_ERROR;
				GCC_WARN_UNDECLARED_SELECTOR = YES;
				GCC_WARN_UNINITIALIZED_AUTOS = YES_AGGRESSIVE;
				GCC_WARN_UNUSED_FUNCTION = YES;
				GCC_WARN_UNUSED_VARIABLE = YES;
				IPHONEOS_DEPLOYMENT_TARGET = 11.4;
				MTL_ENABLE_DEBUG_INFO = NO;
				SDKROOT = iphoneos;
				SWIFT_COMPILATION_MODE = wholemodule;
				SWIFT_OPTIMIZATION_LEVEL = "-O";
				VALIDATE_PRODUCT = YES;
			};
			name = Release;
		};
		4984FA0521447BA800410D87 /* Debug */ = {
			isa = XCBuildConfiguration;
			buildSettings = {
				ASSETCATALOG_COMPILER_APPICON_NAME = AppIcon;
				CODE_SIGN_STYLE = Automatic;
				DEVELOPMENT_TEAM = UP9Z7ACG54;
				INFOPLIST_FILE = Tippy/Info.plist;
				LD_RUNPATH_SEARCH_PATHS = (
					"$(inherited)",
					"@executable_path/Frameworks",
				);
				PRODUCT_BUNDLE_IDENTIFIER = com.codepath.Calculator;
				PRODUCT_NAME = "$(TARGET_NAME)";
				SWIFT_VERSION = 4.0;
				TARGETED_DEVICE_FAMILY = "1,2";
			};
			name = Debug;
		};
		4984FA0621447BA800410D87 /* Release */ = {
			isa = XCBuildConfiguration;
			buildSettings = {
				ASSETCATALOG_COMPILER_APPICON_NAME = AppIcon;
				CODE_SIGN_STYLE = Automatic;
				DEVELOPMENT_TEAM = UP9Z7ACG54;
				INFOPLIST_FILE = Tippy/Info.plist;
				LD_RUNPATH_SEARCH_PATHS = (
					"$(inherited)",
					"@executable_path/Frameworks",
				);
				PRODUCT_BUNDLE_IDENTIFIER = com.codepath.Calculator;
				PRODUCT_NAME = "$(TARGET_NAME)";
				SWIFT_VERSION = 4.0;
				TARGETED_DEVICE_FAMILY = "1,2";
			};
			name = Release;
		};
		4984FA0821447BA800410D87 /* Debug */ = {
			isa = XCBuildConfiguration;
			buildSettings = {
				ALWAYS_EMBED_SWIFT_STANDARD_LIBRARIES = YES;
				BUNDLE_LOADER = "$(TEST_HOST)";
				CODE_SIGN_STYLE = Automatic;
				DEVELOPMENT_TEAM = UP9Z7ACG54;
				INFOPLIST_FILE = TippyTests/Info.plist;
				LD_RUNPATH_SEARCH_PATHS = (
					"$(inherited)",
					"@executable_path/Frameworks",
					"@loader_path/Frameworks",
				);
				PRODUCT_BUNDLE_IDENTIFIER = com.codepath.TippyTests;
				PRODUCT_NAME = "$(TARGET_NAME)";
				SWIFT_VERSION = 4.0;
				TARGETED_DEVICE_FAMILY = "1,2";
				TEST_HOST = "$(BUILT_PRODUCTS_DIR)/Tippy.app/Tippy";
			};
			name = Debug;
		};
		4984FA0921447BA800410D87 /* Release */ = {
			isa = XCBuildConfiguration;
			buildSettings = {
				ALWAYS_EMBED_SWIFT_STANDARD_LIBRARIES = YES;
				BUNDLE_LOADER = "$(TEST_HOST)";
				CODE_SIGN_STYLE = Automatic;
				DEVELOPMENT_TEAM = UP9Z7ACG54;
				INFOPLIST_FILE = TippyTests/Info.plist;
				LD_RUNPATH_SEARCH_PATHS = (
					"$(inherited)",
					"@executable_path/Frameworks",
					"@loader_path/Frameworks",
				);
				PRODUCT_BUNDLE_IDENTIFIER = com.codepath.TippyTests;
				PRODUCT_NAME = "$(TARGET_NAME)";
				SWIFT_VERSION = 4.0;
				TARGETED_DEVICE_FAMILY = "1,2";
				TEST_HOST = "$(BUILT_PRODUCTS_DIR)/Tippy.app/Tippy";
			};
			name = Release;
		};
		4984FA0B21447BA800410D87 /* Debug */ = {
			isa = XCBuildConfiguration;
			buildSettings = {
				ALWAYS_EMBED_SWIFT_STANDARD_LIBRARIES = YES;
				CODE_SIGN_STYLE = Automatic;
				DEVELOPMENT_TEAM = UP9Z7ACG54;
				INFOPLIST_FILE = TippyUITests/Info.plist;
				LD_RUNPATH_SEARCH_PATHS = (
					"$(inherited)",
					"@executable_path/Frameworks",
					"@loader_path/Frameworks",
				);
				PRODUCT_BUNDLE_IDENTIFIER = com.codepath.TippyUITests;
				PRODUCT_NAME = "$(TARGET_NAME)";
				SWIFT_VERSION = 4.0;
				TARGETED_DEVICE_FAMILY = "1,2";
				TEST_TARGET_NAME = Tippy;
			};
			name = Debug;
		};
		4984FA0C21447BA800410D87 /* Release */ = {
			isa = XCBuildConfiguration;
			buildSettings = {
				ALWAYS_EMBED_SWIFT_STANDARD_LIBRARIES = YES;
				CODE_SIGN_STYLE = Automatic;
				DEVELOPMENT_TEAM = UP9Z7ACG54;
				INFOPLIST_FILE = TippyUITests/Info.plist;
				LD_RUNPATH_SEARCH_PATHS = (
					"$(inherited)",
					"@executable_path/Frameworks",
					"@loader_path/Frameworks",
				);
				PRODUCT_BUNDLE_IDENTIFIER = com.codepath.TippyUITests;
				PRODUCT_NAME = "$(TARGET_NAME)";
				SWIFT_VERSION = 4.0;
				TARGETED_DEVICE_FAMILY = "1,2";
				TEST_TARGET_NAME = Tippy;
			};
			name = Release;
		};
/* End XCBuildConfiguration section */

/* Begin XCConfigurationList section */
		4984F9D721447BA500410D87 /* Build configuration list for PBXProject "Tippy" */ = {
			isa = XCConfigurationList;
			buildConfigurations = (
				4984FA0221447BA800410D87 /* Debug */,
				4984FA0321447BA800410D87 /* Release */,
			);
			defaultConfigurationIsVisible = 0;
			defaultConfigurationName = Release;
		};
		4984FA0421447BA800410D87 /* Build configuration list for PBXNativeTarget "Tippy" */ = {
			isa = XCConfigurationList;
			buildConfigurations = (
				4984FA0521447BA800410D87 /* Debug */,
				4984FA0621447BA800410D87 /* Release */,
			);
			defaultConfigurationIsVisible = 0;
			defaultConfigurationName = Release;
		};
		4984FA0721447BA800410D87 /* Build configuration list for PBXNativeTarget "TippyTests" */ = {
			isa = XCConfigurationList;
			buildConfigurations = (
				4984FA0821447BA800410D87 /* Debug */,
				4984FA0921447BA800410D87 /* Release */,
			);
			defaultConfigurationIsVisible = 0;
			defaultConfigurationName = Release;
		};
		4984FA0A21447BA800410D87 /* Build configuration list for PBXNativeTarget "TippyUITests" */ = {
			isa = XCConfigurationList;
			buildConfigurations = (
				4984FA0B21447BA800410D87 /* Debug */,
				4984FA0C21447BA800410D87 /* Release */,
			);
			defaultConfigurationIsVisible = 0;
			defaultConfigurationName = Release;
		};
/* End XCConfigurationList section */
	};
	rootObject = 4984F9D421447BA500410D87 /* Project object */;
}
